{
  "lockfileVersion": 1,
  "configVersion": 0,
  "workspaces": {
    "": {
      "name": "exa-cli",
      "dependencies": {
        "exa-js": "2.25.0",
      },
      "devDependencies": {
        "@biomejs/biome": "2.5.15",
        "bun-types": "1.4.2",
        "lefthook": "2.1.17",
        "typescript": "6.0.3",
      },
    },
  },
  "overrides": {
    "openai": "7.5.0",
    "zod": "4.6.0",
  },
  "packages": {
    "@biomejs/biome": ["@biomejs/biome@2.5.15", "", { "optionalDependencies": { "@biomejs/cli-darwin-arm64": "2.5.15", "@biomejs/cli-darwin-x64": "2.5.15", "@biomejs/cli-linux-arm64": "2.5.15", "@biomejs/cli-linux-arm64-musl": "2.5.15", "@biomejs/cli-linux-x64": "2.5.15", "@biomejs/cli-linux-x64-musl": "2.5.15", "@biomejs/cli-win32-arm64": "2.5.15", "@biomejs/cli-win32-x64": "2.5.15" }, "bin": { "biome": "bin/biome" } }, "sha512-WZTW4slm/pdkh92K6t/3aEN++44JD1PQ7squ7RCMLI1flHGl43DVOIGXvCjHiZgBMO1V4uYxoFNtqrIA4qGuIQ=="],

    "@biomejs/cli-darwin-arm64": ["@biomejs/cli-darwin-arm64@2.5.15", "", { "os": "darwin", "cpu": "arm64" }, "sha512-BZVzFhJ/mUvTLMYbc9x6el0o2Uv5zP7bACYyhFb6fSc1giroXm7PL0a5KqMJ9F+/BnkYRjagD/ROSDVOZ6eapg=="],

    "@biomejs/cli-darwin-x64": ["@biomejs/cli-darwin-x64@2.5.15", "", { "os": "darwin", "cpu": "x64" }, "sha512-V5Kw63V+fVGNFhFrizDxMbGXAzZCh8kYzJpy3GI6gTapWDg7bZK9oYC9CbVgQSEdTnupz0U5Efz8Ev+5vdBBXw=="],

    "@biomejs/cli-linux-arm64": ["@biomejs/cli-linux-arm64@2.5.15", "", { "os": "linux", "cpu": "arm64" }, "sha512-XaG7P7eeSLYETD3K9grfB0mQmpLQZjygdbsxekWBJAg4am79fGAtRpfRyNnTvXB2fZFNnJZG3nXm7HBat0+VUw=="],

    "@biomejs/cli-linux-arm64-musl": ["@biomejs/cli-linux-arm64-musl@2.5.15", "", { "os": "linux", "cpu": "arm64" }, "sha512-tGzZUTcJCV7tj5Adh/Gn6nR4MycqA3iohq2LEcrarAgRBkU0h0OKd2UzCRkOsOYOuUGaUJb4YmqRqyy2feGGSw=="],

    "@biomejs/cli-linux-x64": ["@biomejs/cli-linux-x64@2.5.15", "", { "os": "linux", "cpu": "x64" }, "sha512-xE4iEW/3LqlYj9GFgGrFsFSH51dEEpUbYWBfeOv0q87WkUDxK2o/HhreSb7qMJqck70RVM6Lg96hgedcAYcOkA=="],

    "@biomejs/cli-linux-x64-musl": ["@biomejs/cli-linux-x64-musl@2.5.15", "", { "os": "linux", "cpu": "x64" }, "sha512-IlxUcyxilVGPsE008x13pWdkTbU3nQpP2i9b5UrbOYj6goBkKsRX1XB7yJLcV+O1H9LBchIIm4adOaVLZBX0ZQ=="],

    "@biomejs/cli-win32-arm64": ["@biomejs/cli-win32-arm64@2.5.15", "", { "os": "win32", "cpu": "arm64" }, "sha512-2kPKzhNlm8C+Ru3GcO0Me2ODkCBLrVOUNuyi84RJyWDVKAA4+Kjj3jMjL938lF6BRfvltC4vB2nPY9SvN51Ovg=="],

    "@biomejs/cli-win32-x64": ["@biomejs/cli-win32-x64@2.5.15", "", { "os": "win32", "cpu": "x64" }, "sha512-yAzh4UqEImV6Hcy0zjUqNfJAsUhoD64FBQCdTG8Md/Z2wQeVP/ZmJ3XRYAs1g8J9fjTFyl2fCtc5FB5til47+g=="],

    "@types/node": ["@types/node@25.2.3", "", { "dependencies": { "undici-types": "~7.16.0" } }, "sha512-m0jEgYlYz+mDJZ2+F4v8D1AyQb+QzsNqRuI7xg1VQX/KlKS0qT9r1Mo16yo5F/MtifXFgaofIFsdFMox2SxIbQ=="],

    "bun-types": ["bun-types@1.4.2", "", { "dependencies": { "@types/node": "*" } }, "sha512-bxV1FgK7yBIzjRe5zBozIM4Bem11ZJcCXSrjWRG3YWLt8yFDePu4cLjpebO8OvPeIE9trbyPF4fuj3Cia4Fj3w=="],

    "cross-fetch": ["cross-fetch@4.1.0", "", { "dependencies": { "node-fetch": "^2.7.0" } }, "sha512-uKm5PU+MHTootlWEY+mZ4vvXoCn4fLQxT9dSc1sXVMSFkINTJVN8cAQROpwcKm8bJ/c7rgZVIBWzH5T78sNZZw=="],

    "dotenv": ["dotenv@16.4.7", "", {}, "sha512-47qPchRCykZC03FhkYAhrvwU4xDBFIj1QPqaarj6mdM/hgUzfPHcpkHJOn3mJAufFeeAxAzeGsr5X0M4k6fLZQ=="],

    "exa-js": ["exa-js@2.25.0", "", { "dependencies": { "cross-fetch": "~4.1.0", "dotenv": "~16.4.7", "openai": "^5.0.1", "zod": "^3.22.0", "zod-to-json-schema": "^3.20.0" } }, "sha512-L/13R1e9o2taK6RnvThqEfvLttW2eb8+8f0I1bm3xKqDOrUdksg0SC49ebR9LLAwh8yY/fVPes+wpdM8WiWQ3g=="],

    "lefthook": ["lefthook@2.1.17", "", { "optionalDependencies": { "lefthook-darwin-arm64": "2.1.17", "lefthook-darwin-x64": "2.1.17", "lefthook-freebsd-arm64": "2.1.17", "lefthook-freebsd-x64": "2.1.17", "lefthook-linux-arm64": "2.1.17", "lefthook-linux-x64": "2.1.17", "lefthook-openbsd-arm64": "2.1.17", "lefthook-openbsd-x64": "2.1.17", "lefthook-windows-arm64": "2.1.17", "lefthook-windows-x64": "2.1.17" }, "bin": { "lefthook": "bin/index.js" } }, "sha512-UWpD0VvZNIA2eA/+x4DvFlIT7uxH7aPrPrShE6nsIrX5qHJXxgDkoslAzF73X/YL2o0/9zDw3aOfpr98XchKFw=="],

    "lefthook-darwin-arm64": ["lefthook-darwin-arm64@2.1.17", "", { "os": "darwin", "cpu": "arm64" }, "sha512-BHF3rD0qmwBulLLe5EdPYQVGvPibZZqHnSPpWT+LgPyYk2+GxtScLJvSD/NgCOFU49Fzs6XgOHg/zlfXcdKFfQ=="],

    "lefthook-darwin-x64": ["lefthook-darwin-x64@2.1.17", "", { "os": "darwin", "cpu": "x64" }, "sha512-wRgqAKw2UUQz8eR5pBRo1Cfk2Jaao3u5b6n8EsLcJ6bCVP0pLLhFrNjE1UsTCOlriN7+GgI9SC0l1+zr2eVbTA=="],

    "lefthook-freebsd-arm64": ["lefthook-freebsd-arm64@2.1.17", "", { "os": "freebsd", "cpu": "arm64" }, "sha512-pECdcOu/oImbaQyBbmnQyNhdpu1L/bUageBoHSesDB3+2vyHEd6Q3buTUETrI+/gsL993FK5jHnyzsY1X2IFsQ=="],

    "lefthook-freebsd-x64": ["lefthook-freebsd-x64@2.1.17", "", { "os": "freebsd", "cpu": "x64" }, "sha512-+z+GPl4mxZC0AcJICDazAWxExz4f8JPW7rvGUQ4Ao8flfmNUoyenrtsx9PUp00KdI+8zPjIujuLMSIEN52y1hQ=="],

    "lefthook-linux-arm64": ["lefthook-linux-arm64@2.1.17", "", { "os": "linux", "cpu": "arm64" }, "sha512-q01FgqafSJo4WQ6rHj4J1AUe8WLlReZ4Sx5qIjdXMjFuQsbLKlaWUWnJMmZkQQwsi195zDGtOycU44c0vozPiw=="],

    "lefthook-linux-x64": ["lefthook-linux-x64@2.1.17", "", { "os": "linux", "cpu": "x64" }, "sha512-NyWgJyhmkPspgnhNSvkusKNjCyOOnwiE/IFKkAFkMNfTlst0Dv3UVNxe0e/DlgsGbbFLVieFKhwd4twI2RKoOQ=="],

    "lefthook-openbsd-arm64": ["lefthook-openbsd-arm64@2.1.17", "", { "os": "openbsd", "cpu": "arm64" }, "sha512-zhIY2sel/yHeIJbQfnlAx+xnIJf6Yh0/RG/Ont33VzCXrzMf4jczQwEAu6VdAD7Ms/Tiv3b9t8aTk7LrU4byJA=="],

    "lefthook-openbsd-x64": ["lefthook-openbsd-x64@2.1.17", "", { "os": "openbsd", "cpu": "x64" }, "sha512-aHGnjzyyFBOQEJjmie7px67nNVRUJ+DUG2R/BOSABdH/sGwVYLg6GG0pjnSUkWPoIv3T+CFoG9YcGYO+h3MLoQ=="],

    "lefthook-windows-arm64": ["lefthook-windows-arm64@2.1.17", "", { "os": "win32", "cpu": "arm64" }, "sha512-NN6Ke+O019lhlGAbrbFDf719E4vGt0Y0O30Gr5Yoe3ZdFW6qQFOlP+gVq/shFvJ7iw6rFA/xyOu6wgM+Lytimg=="],

    "lefthook-windows-x64": ["lefthook-windows-x64@2.1.17", "", { "os": "win32", "cpu": "x64" }, "sha512-yV07jCYAzqr4UoMFtVs5frVgKzxppWd/tjr6OpXpxYqB47fomx3w9vxgEOlb2opODFTFm2wdeESLfwVO9Cy/DQ=="],

    "node-fetch": ["node-fetch@2.7.0", "", { "dependencies": { "whatwg-url": "^5.0.0" }, "peerDependencies": { "encoding": "^0.1.0" }, "optionalPeers": ["encoding"] }, "sha512-c4FRfUm/dbcWZ7U+1Wq0AwCyFL+3nt2bEw05wfxSz+DWpWsitgmSgYmy2dQdWyKC1694ELPqMs/YzUSNozLt8A=="],

    "openai": ["openai@7.5.0", "", { "peerDependencies": { "@aws-sdk/credential-provider-node": ">=3.972.0 <4", "@smithy/hash-node": ">=4.3.0 <5", "@smithy/signature-v4": ">=5.4.0 <6", "ws": "^8.18.0", "zod": "^3.25 || ^4.0" }, "optionalPeers": ["@aws-sdk/credential-provider-node", "@smithy/hash-node", "@smithy/signature-v4", "ws", "zod"] }, "sha512-ZbDBz8FSB8Mv8fFYIUvzTFMdV5vl93/octp1MdtK2lfYepSpfv/ewmeugpKz/cwGtFSx+YuUM4NwpZ2P55YiPA=="],

    "tr46": ["tr46@0.0.3", "", {}, "sha512-N3WMsuqV66lT30CrXNbEjx4GEwlow3v6rr4mCcv6prnfwhS01rkgyFdjPNBYd9br7LpXV1+Emh01fHnq2Gdgrw=="],

    "typescript": ["typescript@6.0.3", "", { "bin": { "tsc": "bin/tsc", "tsserver": "bin/tsserver" } }, "sha512-y2TvuxSZPDyQakkFRPZHKFm+KKVqIisdg9/CZwm9ftvKXLP8NRWj38/ODjNbr43SsoXqNuAisEf1GdCxqWcdBw=="],

    "undici-types": ["undici-types@7.16.0", "", {}, "sha512-Zz+aZWSj8LE6zoxD+xrjh4VfkIG8Ya6LvYkZqtUQGJPZjYl53ypCaUwWqo7eI0x66KBGeRo+mlBEkMSeSZ38Nw=="],

    "webidl-conversions": ["webidl-conversions@3.0.1", "", {}, "sha512-2JAn3z8AR6rjK8Sm8orRC0h/bcl/DqL7tRPdGZ4I1CjdF+EaMLmYxBHyXuKL849eucPFhvBoxMsflfOb8kxaeQ=="],

    "whatwg-url": ["whatwg-url@5.0.0", "", { "dependencies": { "tr46": "~0.0.3", "webidl-conversions": "^3.0.0" } }, "sha512-saE57nupxk6v3HY35+jzBwYa0rKSy0XR8JSxZPwgLr7ys0IBzhGviA1/TUGJLmSVqs8pb9AnvICXEuOHLprYTw=="],

    "zod": ["zod@4.6.0", "", {}, "sha512-iIvwyDnebKYpww2ta0DjaNOL8RnVLmPMhgWyOzlW9y0EIIxv5gl+H6Y0ONpt83HqjGqkk78uWp6xWtpxzZdPbw=="],

    "zod-to-json-schema": ["zod-to-json-schema@3.25.1", "", { "peerDependencies": { "zod": "^3.25 || ^4" } }, "sha512-pM/SU9d3YAggzi6MtR4h7ruuQlqKtad8e9S0fmxcMi+ueAK5Korys/aWcV9LIIHTVbj01NdzxcnXSN+O74ZIVA=="],
  }
}
